
Microsoft Visual Studio Solution File, Format Version 12.00
# Visual Studio Version 16
VisualStudioVersion = 16.0.31410.357
MinimumVisualStudioVersion = 10.0.40219.1
Project("{8BC9CEB8-8B4A-11D0-8D11-00A0C91BC942}") = "Test", "Test\Test.vcxproj", "{6632CB74-FF52-42CC-B258-563C8A7B919F}"
	ProjectSection(ProjectDependencies) = postProject
		{7639BB91-C217-4639-8697-15224DC99DA7} = {7639BB91-C217-4639-8697-15224DC99DA7}
		{BDEF48F8-224B-4226-890F-8048D224FECA} = {BDEF48F8-224B-4226-890F-8048D224FECA}
	EndProjectSection
EndProject
Project("{8BC9CEB8-8B4A-11D0-8D11-00A0C91BC942}") = "MathEx", "..\Lib\MathEx\MathEx.vcxproj", "{7639BB91-C217-4639-8697-15224DC99DA7}"
EndProject
Project("{8BC9CEB8-8B4A-11D0-8D11-00A0C91BC942}") = "NetTools", "..\Lib\NetTools\NetTools.vcxproj", "{BDEF48F8-224B-4226-890F-8048D224FECA}"
EndProject
Project("{8BC9CEB8-8B4A-11D0-8D11-00A0C91BC942}") = "BasicTools", "..\Lib\BasicTools\BasicTools.vcxproj", "{7C086FC3-5689-4ED1-BA17-4A95EF2F704C}"
EndProject
Project("{8BC9CEB8-8B4A-11D0-8D11-00A0C91BC942}") = "TrainingApp", "TrainingApp\TrainingApp.vcxproj", "{1F8E0AA4-591C-4DF6-B3E3-30BCCA1D38D6}"
	ProjectSection(ProjectDependencies) = postProject
		{7C086FC3-5689-4ED1-BA17-4A95EF2F704C} = {7C086FC3-5689-4ED1-BA17-4A95EF2F704C}
	EndProjectSection
EndProject
Global
	GlobalSection(SolutionConfigurationPlatforms) = preSolution
		Debug|x64 = Debug|x64
		Debug|x86 = Debug|x86
		Release|x64 = Release|x64
		Release|x86 = Release|x86
	EndGlobalSection
	GlobalSection(ProjectConfigurationPlatforms) = postSolution
		{6632CB74-FF52-42CC-B258-563C8A7B919F}.Debug|x64.ActiveCfg = Debug|x64
		{6632CB74-FF52-42CC-B258-563C8A7B919F}.Debug|x64.Build.0 = Debug|x64
		{6632CB74-FF52-42CC-B258-563C8A7B919F}.Debug|x86.ActiveCfg = Debug|Win32
		{6632CB74-FF52-42CC-B258-563C8A7B919F}.Debug|x86.Build.0 = Debug|Win32
		{6632CB74-FF52-42CC-B258-563C8A7B919F}.Release|x64.ActiveCfg = Release|x64
		{6632CB74-FF52-42CC-B258-563C8A7B919F}.Release|x64.Build.0 = Release|x64
		{6632CB74-FF52-42CC-B258-563C8A7B919F}.Release|x86.ActiveCfg = Release|Win32
		{6632CB74-FF52-42CC-B258-563C8A7B919F}.Release|x86.Build.0 = Release|Win32
		{7639BB91-C217-4639-8697-15224DC99DA7}.Debug|x64.ActiveCfg = Debug|x64
		{7639BB91-C217-4639-8697-15224DC99DA7}.Debug|x64.Build.0 = Debug|x64
		{7639BB91-C217-4639-8697-15224DC99DA7}.Debug|x86.ActiveCfg = Debug|Win32
		{7639BB91-C217-4639-8697-15224DC99DA7}.Debug|x86.Build.0 = Debug|Win32
		{7639BB91-C217-4639-8697-15224DC99DA7}.Release|x64.ActiveCfg = Release|x64
		{7639BB91-C217-4639-8697-15224DC99DA7}.Release|x64.Build.0 = Release|x64
		{7639BB91-C217-4639-8697-15224DC99DA7}.Release|x86.ActiveCfg = Release|Win32
		{7639BB91-C217-4639-8697-15224DC99DA7}.Release|x86.Build.0 = Release|Win32
		{BDEF48F8-224B-4226-890F-8048D224FECA}.Debug|x64.ActiveCfg = Debug|x64
		{BDEF48F8-224B-4226-890F-8048D224FECA}.Debug|x64.Build.0 = Debug|x64
		{BDEF48F8-224B-4226-890F-8048D224FECA}.Debug|x86.ActiveCfg = Debug|Win32
		{BDEF48F8-224B-4226-890F-8048D224FECA}.Debug|x86.Build.0 = Debug|Win32
		{BDEF48F8-224B-4226-890F-8048D224FECA}.Release|x64.ActiveCfg = Release|x64
		{BDEF48F8-224B-4226-890F-8048D224FECA}.Release|x64.Build.0 = Release|x64
		{BDEF48F8-224B-4226-890F-8048D224FECA}.Release|x86.ActiveCfg = Release|Win32
		{BDEF48F8-224B-4226-890F-8048D224FECA}.Release|x86.Build.0 = Release|Win32
		{7C086FC3-5689-4ED1-BA17-4A95EF2F704C}.Debug|x64.ActiveCfg = Debug|x64
		{7C086FC3-5689-4ED1-BA17-4A95EF2F704C}.Debug|x64.Build.0 = Debug|x64
		{7C086FC3-5689-4ED1-BA17-4A95EF2F704C}.Debug|x86.ActiveCfg = Debug|Win32
		{7C086FC3-5689-4ED1-BA17-4A95EF2F704C}.Debug|x86.Build.0 = Debug|Win32
		{7C086FC3-5689-4ED1-BA17-4A95EF2F704C}.Release|x64.ActiveCfg = Release|x64
		{7C086FC3-5689-4ED1-BA17-4A95EF2F704C}.Release|x64.Build.0 = Release|x64
		{7C086FC3-5689-4ED1-BA17-4A95EF2F704C}.Release|x86.ActiveCfg = Release|Win32
		{7C086FC3-5689-4ED1-BA17-4A95EF2F704C}.Release|x86.Build.0 = Release|Win32
		{1F8E0AA4-591C-4DF6-B3E3-30BCCA1D38D6}.Debug|x64.ActiveCfg = Debug|x64
		{1F8E0AA4-591C-4DF6-B3E3-30BCCA1D38D6}.Debug|x64.Build.0 = Debug|x64
		{1F8E0AA4-591C-4DF6-B3E3-30BCCA1D38D6}.Debug|x86.ActiveCfg = Debug|Win32
		{1F8E0AA4-591C-4DF6-B3E3-30BCCA1D38D6}.Debug|x86.Build.0 = Debug|Win32
		{1F8E0AA4-591C-4DF6-B3E3-30BCCA1D38D6}.Release|x64.ActiveCfg = Release|x64
		{1F8E0AA4-591C-4DF6-B3E3-30BCCA1D38D6}.Release|x64.Build.0 = Release|x64
		{1F8E0AA4-591C-4DF6-B3E3-30BCCA1D38D6}.Release|x86.ActiveCfg = Release|Win32
		{1F8E0AA4-591C-4DF6-B3E3-30BCCA1D38D6}.Release|x86.Build.0 = Release|Win32
	EndGlobalSection
	GlobalSection(SolutionProperties) = preSolution
		HideSolutionNode = FALSE
	EndGlobalSection
	GlobalSection(ExtensibilityGlobals) = postSolution
		SolutionGuid = {906DF547-CBA1-4C05-9CE1-941933D20191}
	EndGlobalSection
EndGlobal
