
Microsoft Visual Studio Solution File, Format Version 12.00
# Visual Studio Version 17
VisualStudioVersion = 17.13.35919.96 d17.13
MinimumVisualStudioVersion = 10.0.40219.1
Project("{FAE04EC0-301F-11D3-BF4B-00C04F79EFBC}") = "TcpServer", "TcpServer.csproj", "{B16360D3-82CE-4BB5-BE64-3BBAF106274B}"
EndProject
Global
	GlobalSection(SolutionConfigurationPlatforms) = preSolution
		Debug|Any CPU = Debug|Any CPU
		Release|Any CPU = Release|Any CPU
	EndGlobalSection
	GlobalSection(ProjectConfigurationPlatforms) = postSolution
		{B16360D3-82CE-4BB5-BE64-3BBAF106274B}.Debug|Any CPU.ActiveCfg = Debug|Any CPU
		{B16360D3-82CE-4BB5-BE64-3BBAF106274B}.Debug|Any CPU.Build.0 = Debug|Any CPU
		{B16360D3-82CE-4BB5-BE64-3BBAF106274B}.Release|Any CPU.ActiveCfg = Release|Any CPU
		{B16360D3-82CE-4BB5-BE64-3BBAF106274B}.Release|Any CPU.Build.0 = Release|Any CPU
	EndGlobalSection
	GlobalSection(SolutionProperties) = preSolution
		HideSolutionNode = FALSE
	EndGlobalSection
	GlobalSection(ExtensibilityGlobals) = postSolution
		SolutionGuid = {92F654E7-D7CF-481C-9509-4C47C30CC2FB}
	EndGlobalSection
EndGlobal
