
Microsoft Visual Studio Solution File, Format Version 12.00
# Visual Studio Version 17
VisualStudioVersion = 17.13.35919.96 d17.13
MinimumVisualStudioVersion = 10.0.40219.1
Project("{FAE04EC0-301F-11D3-BF4B-00C04F79EFBC}") = "ConsoleApp", "ConsoleApp\ConsoleApp.csproj", "{44F31062-9968-4400-BBB5-E70FE4D56958}"
EndProject
Global
	GlobalSection(SolutionConfigurationPlatforms) = preSolution
		Debug|Any CPU = Debug|Any CPU
		Release|Any CPU = Release|Any CPU
	EndGlobalSection
	GlobalSection(ProjectConfigurationPlatforms) = postSolution
		{44F31062-9968-4400-BBB5-E70FE4D56958}.Debug|Any CPU.ActiveCfg = Debug|Any CPU
		{44F31062-9968-4400-BBB5-E70FE4D56958}.Debug|Any CPU.Build.0 = Debug|Any CPU
		{44F31062-9968-4400-BBB5-E70FE4D56958}.Release|Any CPU.ActiveCfg = Release|Any CPU
		{44F31062-9968-4400-BBB5-E70FE4D56958}.Release|Any CPU.Build.0 = Release|Any CPU
	EndGlobalSection
	GlobalSection(SolutionProperties) = preSolution
		HideSolutionNode = FALSE
	EndGlobalSection
	GlobalSection(ExtensibilityGlobals) = postSolution
		SolutionGuid = {8365EB98-1CFB-4FE0-910E-62521EBA2848}
	EndGlobalSection
EndGlobal
